{
  "name": "egg-rate-limiter",
  "version": "0.0.1",
  "lockfileVersion": 1,
  "requires": true,
  "dependencies": {
    "ms": {
      "version": "2.1.1",
      "resolved": "https://registry.npmjs.org/ms/-/ms-2.1.1.tgz",
      "integrity": "sha512-tgp+dl5cGk28utYktBsrFqA7HKgrhgPsg6Z/EfhWI4gl1Hwq8B/GmY/0oXZ6nF8hDVesS/FpnYaD/kOWhYQvyg=="
    },
    "ratelimiter": {
      "version": "3.3.0",
      "resolved": "https://registry.npmjs.org/ratelimiter/-/ratelimiter-3.3.0.tgz",
      "integrity": "sha512-dDax7d0XosqzOrrQyMYEiu87tHDT6Wqm9LtGlxnQVAQJtEG6bmbvgPZ6E2/g1XrIpikJyec9hrOHKZ+DuVWxgQ=="
    }
  }
}
